
Microsoft Visual Studio Solution File, Format Version 12.00
# Visual Studio Version 17
VisualStudioVersion = 17.6.33829.357
MinimumVisualStudioVersion = 10.0.40219.1
Project("{2150E333-8FDC-42A3-9474-1A3956D46DE8}") = "src", "src", "{31CD199A-5375-4713-9196-A80EF2590C52}"
EndProject
Project("{2150E333-8FDC-42A3-9474-1A3956D46DE8}") = "Services", "Services", "{0859A6D0-4E52-463E-BBAB-1E6187783848}"
EndProject
Project("{2150E333-8FDC-42A3-9474-1A3956D46DE8}") = "Ordering", "Ordering", "{FB588F6F-9023-4C89-BA81-458F8DF021B6}"
EndProject
Project("{2150E333-8FDC-42A3-9474-1A3956D46DE8}") = "Common", "Common", "{4F8032C7-EC34-47D4-89B2-D8CD63C931A0}"
EndProject
Project("{2150E333-8FDC-42A3-9474-1A3956D46DE8}") = "Storage", "Storage", "{1A3A320F-D39A-4003-8EAD-758249C2FDD3}"
EndProject
Project("{2150E333-8FDC-42A3-9474-1A3956D46DE8}") = "Identity", "Identity", "{CD7AA476-9CA4-428A-B6C3-366792C86176}"
EndProject
Project("{2150E333-8FDC-42A3-9474-1A3956D46DE8}") = "Gateway", "Gateway", "{75401661-6F48-47CC-B970-B7A797E0B148}"
EndProject
Project("{2150E333-8FDC-42A3-9474-1A3956D46DE8}") = "EventBus", "EventBus", "{5F5C4F91-40C4-46FB-BD3A-9F3B1B7C5DD1}"
EndProject
Project("{9A19103F-16F7-4668-BE54-9A1E7A4F7556}") = "Ordering.Api", "Services\Ordering\Ordering.Api\Ordering.Api.csproj", "{2DA3880F-0881-4509-97AA-ADBAADCE4334}"
EndProject
Project("{9A19103F-16F7-4668-BE54-9A1E7A4F7556}") = "Orders.Application", "Services\Ordering\Orders.Application\Orders.Application.csproj", "{E37D5182-763E-47F4-AED1-1DB4F0DF75A3}"
EndProject
Project("{9A19103F-16F7-4668-BE54-9A1E7A4F7556}") = "Orders.Domain", "Services\Ordering\Orders.Domain\Orders.Domain.csproj", "{FF7C18AC-5959-4209-8AB2-59FC08BBADC4}"
EndProject
Project("{9A19103F-16F7-4668-BE54-9A1E7A4F7556}") = "Orders.Infrastructure", "Services\Ordering\Orders.Infrastructure\Orders.Infrastructure.csproj", "{0A122083-2BC8-4D75-80DA-4303C19D927B}"
EndProject
Project("{9A19103F-16F7-4668-BE54-9A1E7A4F7556}") = "Identity.Api", "Services\Identity\Identity.Api\Identity.Api.csproj", "{E7A6F6A9-9B42-4A23-8B0A-4AD27112B67E}"
EndProject
Project("{9A19103F-16F7-4668-BE54-9A1E7A4F7556}") = "Services.Common", "Services\Common\Services.Common\Services.Common.csproj", "{963E2868-12DC-47D6-B72C-B35B860E2043}"
EndProject
Project("{9A19103F-16F7-4668-BE54-9A1E7A4F7556}") = "EventBus", "EventBus\EventBus\EventBus.csproj", "{9F82227E-6BE8-4E1A-80C7-B285931D1C87}"
EndProject
Project("{9A19103F-16F7-4668-BE54-9A1E7A4F7556}") = "EventBus.RabbitMQ", "EventBus\EventBus.RabbitMQ\EventBus.RabbitMQ.csproj", "{AE70FE0D-BE44-444C-8667-934F86428F46}"
EndProject
Project("{9A19103F-16F7-4668-BE54-9A1E7A4F7556}") = "Mall.MicroService.Gateway", "Gateway\Mall.MicroService.Gateway\Mall.MicroService.Gateway.csproj", "{987DAD20-9722-4340-A040-4793DB24236D}"
EndProject
Project("{2150E333-8FDC-42A3-9474-1A3956D46DE8}") = "test", "test", "{DB29BD60-4123-4D76-9548-D16ABB6EE045}"
EndProject
Project("{2150E333-8FDC-42A3-9474-1A3956D46DE8}") = "ServiceTest", "ServiceTest", "{88FD16A7-6D0B-4DD3-9AEC-EB0E69E3E244}"
EndProject
Project("{9A19103F-16F7-4668-BE54-9A1E7A4F7556}") = "Application.FunctionalTest", "Test\ServiceTest\Application.FunctionalTest\Application.FunctionalTest.csproj", "{B7E33F55-57EB-4E9F-B598-F2D4D654B6E5}"
EndProject
Project("{9A19103F-16F7-4668-BE54-9A1E7A4F7556}") = "Ordering.Infrastructure.IoC", "Ordering.Infrastructure.IoC\Ordering.Infrastructure.IoC.csproj", "{CFC992F4-2A4B-44EE-A40A-6CA611C84373}"
EndProject
Project("{2150E333-8FDC-42A3-9474-1A3956D46DE8}") = "Catalog", "Catalog", "{1838CBCE-2D86-447A-AD74-B3CBAED5BEB4}"
EndProject
Global
	GlobalSection(SolutionConfigurationPlatforms) = preSolution
		Debug|Any CPU = Debug|Any CPU
		Release|Any CPU = Release|Any CPU
	EndGlobalSection
	GlobalSection(ProjectConfigurationPlatforms) = postSolution
		{2DA3880F-0881-4509-97AA-ADBAADCE4334}.Debug|Any CPU.ActiveCfg = Debug|Any CPU
		{2DA3880F-0881-4509-97AA-ADBAADCE4334}.Debug|Any CPU.Build.0 = Debug|Any CPU
		{2DA3880F-0881-4509-97AA-ADBAADCE4334}.Release|Any CPU.ActiveCfg = Release|Any CPU
		{2DA3880F-0881-4509-97AA-ADBAADCE4334}.Release|Any CPU.Build.0 = Release|Any CPU
		{E37D5182-763E-47F4-AED1-1DB4F0DF75A3}.Debug|Any CPU.ActiveCfg = Debug|Any CPU
		{E37D5182-763E-47F4-AED1-1DB4F0DF75A3}.Debug|Any CPU.Build.0 = Debug|Any CPU
		{E37D5182-763E-47F4-AED1-1DB4F0DF75A3}.Release|Any CPU.ActiveCfg = Release|Any CPU
		{E37D5182-763E-47F4-AED1-1DB4F0DF75A3}.Release|Any CPU.Build.0 = Release|Any CPU
		{FF7C18AC-5959-4209-8AB2-59FC08BBADC4}.Debug|Any CPU.ActiveCfg = Debug|Any CPU
		{FF7C18AC-5959-4209-8AB2-59FC08BBADC4}.Debug|Any CPU.Build.0 = Debug|Any CPU
		{FF7C18AC-5959-4209-8AB2-59FC08BBADC4}.Release|Any CPU.ActiveCfg = Release|Any CPU
		{FF7C18AC-5959-4209-8AB2-59FC08BBADC4}.Release|Any CPU.Build.0 = Release|Any CPU
		{0A122083-2BC8-4D75-80DA-4303C19D927B}.Debug|Any CPU.ActiveCfg = Debug|Any CPU
		{0A122083-2BC8-4D75-80DA-4303C19D927B}.Debug|Any CPU.Build.0 = Debug|Any CPU
		{0A122083-2BC8-4D75-80DA-4303C19D927B}.Release|Any CPU.ActiveCfg = Release|Any CPU
		{0A122083-2BC8-4D75-80DA-4303C19D927B}.Release|Any CPU.Build.0 = Release|Any CPU
		{E7A6F6A9-9B42-4A23-8B0A-4AD27112B67E}.Debug|Any CPU.ActiveCfg = Debug|Any CPU
		{E7A6F6A9-9B42-4A23-8B0A-4AD27112B67E}.Debug|Any CPU.Build.0 = Debug|Any CPU
		{E7A6F6A9-9B42-4A23-8B0A-4AD27112B67E}.Release|Any CPU.ActiveCfg = Release|Any CPU
		{E7A6F6A9-9B42-4A23-8B0A-4AD27112B67E}.Release|Any CPU.Build.0 = Release|Any CPU
		{963E2868-12DC-47D6-B72C-B35B860E2043}.Debug|Any CPU.ActiveCfg = Debug|Any CPU
		{963E2868-12DC-47D6-B72C-B35B860E2043}.Debug|Any CPU.Build.0 = Debug|Any CPU
		{963E2868-12DC-47D6-B72C-B35B860E2043}.Release|Any CPU.ActiveCfg = Release|Any CPU
		{963E2868-12DC-47D6-B72C-B35B860E2043}.Release|Any CPU.Build.0 = Release|Any CPU
		{9F82227E-6BE8-4E1A-80C7-B285931D1C87}.Debug|Any CPU.ActiveCfg = Debug|Any CPU
		{9F82227E-6BE8-4E1A-80C7-B285931D1C87}.Debug|Any CPU.Build.0 = Debug|Any CPU
		{9F82227E-6BE8-4E1A-80C7-B285931D1C87}.Release|Any CPU.ActiveCfg = Release|Any CPU
		{9F82227E-6BE8-4E1A-80C7-B285931D1C87}.Release|Any CPU.Build.0 = Release|Any CPU
		{AE70FE0D-BE44-444C-8667-934F86428F46}.Debug|Any CPU.ActiveCfg = Debug|Any CPU
		{AE70FE0D-BE44-444C-8667-934F86428F46}.Debug|Any CPU.Build.0 = Debug|Any CPU
		{AE70FE0D-BE44-444C-8667-934F86428F46}.Release|Any CPU.ActiveCfg = Release|Any CPU
		{AE70FE0D-BE44-444C-8667-934F86428F46}.Release|Any CPU.Build.0 = Release|Any CPU
		{987DAD20-9722-4340-A040-4793DB24236D}.Debug|Any CPU.ActiveCfg = Debug|Any CPU
		{987DAD20-9722-4340-A040-4793DB24236D}.Debug|Any CPU.Build.0 = Debug|Any CPU
		{987DAD20-9722-4340-A040-4793DB24236D}.Release|Any CPU.ActiveCfg = Release|Any CPU
		{987DAD20-9722-4340-A040-4793DB24236D}.Release|Any CPU.Build.0 = Release|Any CPU
		{B7E33F55-57EB-4E9F-B598-F2D4D654B6E5}.Debug|Any CPU.ActiveCfg = Debug|Any CPU
		{B7E33F55-57EB-4E9F-B598-F2D4D654B6E5}.Debug|Any CPU.Build.0 = Debug|Any CPU
		{B7E33F55-57EB-4E9F-B598-F2D4D654B6E5}.Release|Any CPU.ActiveCfg = Release|Any CPU
		{B7E33F55-57EB-4E9F-B598-F2D4D654B6E5}.Release|Any CPU.Build.0 = Release|Any CPU
		{CFC992F4-2A4B-44EE-A40A-6CA611C84373}.Debug|Any CPU.ActiveCfg = Debug|Any CPU
		{CFC992F4-2A4B-44EE-A40A-6CA611C84373}.Debug|Any CPU.Build.0 = Debug|Any CPU
		{CFC992F4-2A4B-44EE-A40A-6CA611C84373}.Release|Any CPU.ActiveCfg = Release|Any CPU
		{CFC992F4-2A4B-44EE-A40A-6CA611C84373}.Release|Any CPU.Build.0 = Release|Any CPU
	EndGlobalSection
	GlobalSection(SolutionProperties) = preSolution
		HideSolutionNode = FALSE
	EndGlobalSection
	GlobalSection(NestedProjects) = preSolution
		{0859A6D0-4E52-463E-BBAB-1E6187783848} = {31CD199A-5375-4713-9196-A80EF2590C52}
		{FB588F6F-9023-4C89-BA81-458F8DF021B6} = {0859A6D0-4E52-463E-BBAB-1E6187783848}
		{4F8032C7-EC34-47D4-89B2-D8CD63C931A0} = {0859A6D0-4E52-463E-BBAB-1E6187783848}
		{1A3A320F-D39A-4003-8EAD-758249C2FDD3} = {0859A6D0-4E52-463E-BBAB-1E6187783848}
		{CD7AA476-9CA4-428A-B6C3-366792C86176} = {0859A6D0-4E52-463E-BBAB-1E6187783848}
		{75401661-6F48-47CC-B970-B7A797E0B148} = {31CD199A-5375-4713-9196-A80EF2590C52}
		{5F5C4F91-40C4-46FB-BD3A-9F3B1B7C5DD1} = {31CD199A-5375-4713-9196-A80EF2590C52}
		{2DA3880F-0881-4509-97AA-ADBAADCE4334} = {FB588F6F-9023-4C89-BA81-458F8DF021B6}
		{E37D5182-763E-47F4-AED1-1DB4F0DF75A3} = {FB588F6F-9023-4C89-BA81-458F8DF021B6}
		{FF7C18AC-5959-4209-8AB2-59FC08BBADC4} = {FB588F6F-9023-4C89-BA81-458F8DF021B6}
		{0A122083-2BC8-4D75-80DA-4303C19D927B} = {FB588F6F-9023-4C89-BA81-458F8DF021B6}
		{E7A6F6A9-9B42-4A23-8B0A-4AD27112B67E} = {CD7AA476-9CA4-428A-B6C3-366792C86176}
		{963E2868-12DC-47D6-B72C-B35B860E2043} = {4F8032C7-EC34-47D4-89B2-D8CD63C931A0}
		{9F82227E-6BE8-4E1A-80C7-B285931D1C87} = {5F5C4F91-40C4-46FB-BD3A-9F3B1B7C5DD1}
		{AE70FE0D-BE44-444C-8667-934F86428F46} = {5F5C4F91-40C4-46FB-BD3A-9F3B1B7C5DD1}
		{987DAD20-9722-4340-A040-4793DB24236D} = {75401661-6F48-47CC-B970-B7A797E0B148}
		{88FD16A7-6D0B-4DD3-9AEC-EB0E69E3E244} = {DB29BD60-4123-4D76-9548-D16ABB6EE045}
		{B7E33F55-57EB-4E9F-B598-F2D4D654B6E5} = {88FD16A7-6D0B-4DD3-9AEC-EB0E69E3E244}
		{CFC992F4-2A4B-44EE-A40A-6CA611C84373} = {FB588F6F-9023-4C89-BA81-458F8DF021B6}
		{1838CBCE-2D86-447A-AD74-B3CBAED5BEB4} = {0859A6D0-4E52-463E-BBAB-1E6187783848}
	EndGlobalSection
	GlobalSection(ExtensibilityGlobals) = postSolution
		SolutionGuid = {4913890C-9370-41B7-8814-102BB28F7B42}
	EndGlobalSection
EndGlobal
